
Microsoft Visual Studio Solution File, Format Version 12.00
# Visual Studio Version 17
VisualStudioVersion = 17.7.34031.279
MinimumVisualStudioVersion = 10.0.40219.1
Project("{FAE04EC0-301F-11D3-BF4B-00C04F79EFBC}") = "thuchanh1", "thuchanh1\thuchanh1.csproj", "{849B9D01-AD87-4DFB-9761-E7B7C765668A}"
EndProject
Global
	GlobalSection(SolutionConfigurationPlatforms) = preSolution
		Debug|Any CPU = Debug|Any CPU
		Release|Any CPU = Release|Any CPU
	EndGlobalSection
	GlobalSection(ProjectConfigurationPlatforms) = postSolution
		{849B9D01-AD87-4DFB-9761-E7B7C765668A}.Debug|Any CPU.ActiveCfg = Debug|Any CPU
		{849B9D01-AD87-4DFB-9761-E7B7C765668A}.Debug|Any CPU.Build.0 = Debug|Any CPU
		{849B9D01-AD87-4DFB-9761-E7B7C765668A}.Release|Any CPU.ActiveCfg = Release|Any CPU
		{849B9D01-AD87-4DFB-9761-E7B7C765668A}.Release|Any CPU.Build.0 = Release|Any CPU
	EndGlobalSection
	GlobalSection(SolutionProperties) = preSolution
		HideSolutionNode = FALSE
	EndGlobalSection
	GlobalSection(ExtensibilityGlobals) = postSolution
		SolutionGuid = {BAC6B853-66D9-4DB0-9A7C-BCAF0CB39C6B}
	EndGlobalSection
EndGlobal
